
Microsoft Visual Studio Solution File, Format Version 12.00
# Visual Studio 15
VisualStudioVersion = 15.0.28307.329
MinimumVisualStudioVersion = 10.0.40219.1
Project("{FAE04EC0-301F-11D3-BF4B-00C04F79EFBC}") = "exercice3", "exercice3\exercice3.csproj", "{6C2CDBA3-35E8-44C2-BAFE-45E73A40AD28}"
EndProject
Global
	GlobalSection(SolutionConfigurationPlatforms) = preSolution
		Debug|Any CPU = Debug|Any CPU
		Release|Any CPU = Release|Any CPU
	EndGlobalSection
	GlobalSection(ProjectConfigurationPlatforms) = postSolution
		{6C2CDBA3-35E8-44C2-BAFE-45E73A40AD28}.Debug|Any CPU.ActiveCfg = Debug|Any CPU
		{6C2CDBA3-35E8-44C2-BAFE-45E73A40AD28}.Debug|Any CPU.Build.0 = Debug|Any CPU
		{6C2CDBA3-35E8-44C2-BAFE-45E73A40AD28}.Release|Any CPU.ActiveCfg = Release|Any CPU
		{6C2CDBA3-35E8-44C2-BAFE-45E73A40AD28}.Release|Any CPU.Build.0 = Release|Any CPU
	EndGlobalSection
	GlobalSection(SolutionProperties) = preSolution
		HideSolutionNode = FALSE
	EndGlobalSection
	GlobalSection(ExtensibilityGlobals) = postSolution
		SolutionGuid = {7EEFFDE8-FB2E-4694-AA2D-5DE4436DA609}
	EndGlobalSection
EndGlobal
