
Microsoft Visual Studio Solution File, Format Version 12.00
# Visual Studio 15
VisualStudioVersion = 15.0.28307.329
MinimumVisualStudioVersion = 10.0.40219.1
Project("{FAE04EC0-301F-11D3-BF4B-00C04F79EFBC}") = "exercice2", "exercice2\exercice2.csproj", "{2C0EB128-C60A-4A5F-A847-F6196D4AEA89}"
EndProject
Global
	GlobalSection(SolutionConfigurationPlatforms) = preSolution
		Debug|Any CPU = Debug|Any CPU
		Release|Any CPU = Release|Any CPU
	EndGlobalSection
	GlobalSection(ProjectConfigurationPlatforms) = postSolution
		{2C0EB128-C60A-4A5F-A847-F6196D4AEA89}.Debug|Any CPU.ActiveCfg = Debug|Any CPU
		{2C0EB128-C60A-4A5F-A847-F6196D4AEA89}.Debug|Any CPU.Build.0 = Debug|Any CPU
		{2C0EB128-C60A-4A5F-A847-F6196D4AEA89}.Release|Any CPU.ActiveCfg = Release|Any CPU
		{2C0EB128-C60A-4A5F-A847-F6196D4AEA89}.Release|Any CPU.Build.0 = Release|Any CPU
	EndGlobalSection
	GlobalSection(SolutionProperties) = preSolution
		HideSolutionNode = FALSE
	EndGlobalSection
	GlobalSection(ExtensibilityGlobals) = postSolution
		SolutionGuid = {B617A4A9-644E-4129-8D03-85101731D01A}
	EndGlobalSection
EndGlobal
