
Microsoft Visual Studio Solution File, Format Version 12.00
# Visual Studio 15
VisualStudioVersion = 15.0.28307.329
MinimumVisualStudioVersion = 10.0.40219.1
Project("{FAE04EC0-301F-11D3-BF4B-00C04F79EFBC}") = "exercice8js1", "exercice8js1\exercice8js1.csproj", "{B72FD5C1-D442-46B8-B45E-86419D0DCC18}"
EndProject
Global
	GlobalSection(SolutionConfigurationPlatforms) = preSolution
		Debug|Any CPU = Debug|Any CPU
		Release|Any CPU = Release|Any CPU
	EndGlobalSection
	GlobalSection(ProjectConfigurationPlatforms) = postSolution
		{B72FD5C1-D442-46B8-B45E-86419D0DCC18}.Debug|Any CPU.ActiveCfg = Debug|Any CPU
		{B72FD5C1-D442-46B8-B45E-86419D0DCC18}.Debug|Any CPU.Build.0 = Debug|Any CPU
		{B72FD5C1-D442-46B8-B45E-86419D0DCC18}.Release|Any CPU.ActiveCfg = Release|Any CPU
		{B72FD5C1-D442-46B8-B45E-86419D0DCC18}.Release|Any CPU.Build.0 = Release|Any CPU
	EndGlobalSection
	GlobalSection(SolutionProperties) = preSolution
		HideSolutionNode = FALSE
	EndGlobalSection
	GlobalSection(ExtensibilityGlobals) = postSolution
		SolutionGuid = {FF276068-2989-4C68-B4EB-8ABF96262C4E}
	EndGlobalSection
EndGlobal
