
Microsoft Visual Studio Solution File, Format Version 12.00
# Visual Studio 15
VisualStudioVersion = 15.0.28307.329
MinimumVisualStudioVersion = 10.0.40219.1
Project("{FAE04EC0-301F-11D3-BF4B-00C04F79EFBC}") = "exercice3", "exercice3\exercice3.csproj", "{8BD43001-EFAA-4C00-B1C1-2DB92D2D177B}"
EndProject
Global
	GlobalSection(SolutionConfigurationPlatforms) = preSolution
		Debug|Any CPU = Debug|Any CPU
		Release|Any CPU = Release|Any CPU
	EndGlobalSection
	GlobalSection(ProjectConfigurationPlatforms) = postSolution
		{8BD43001-EFAA-4C00-B1C1-2DB92D2D177B}.Debug|Any CPU.ActiveCfg = Debug|Any CPU
		{8BD43001-EFAA-4C00-B1C1-2DB92D2D177B}.Debug|Any CPU.Build.0 = Debug|Any CPU
		{8BD43001-EFAA-4C00-B1C1-2DB92D2D177B}.Release|Any CPU.ActiveCfg = Release|Any CPU
		{8BD43001-EFAA-4C00-B1C1-2DB92D2D177B}.Release|Any CPU.Build.0 = Release|Any CPU
	EndGlobalSection
	GlobalSection(SolutionProperties) = preSolution
		HideSolutionNode = FALSE
	EndGlobalSection
	GlobalSection(ExtensibilityGlobals) = postSolution
		SolutionGuid = {A0E31764-6FFF-4867-8491-4D09CC94175B}
	EndGlobalSection
EndGlobal
