
Microsoft Visual Studio Solution File, Format Version 12.00
# Visual Studio 15
VisualStudioVersion = 15.0.28307.329
MinimumVisualStudioVersion = 10.0.40219.1
Project("{FAE04EC0-301F-11D3-BF4B-00C04F79EFBC}") = "JustePrix", "JustePrix\JustePrix.csproj", "{A8E0F87A-5B86-4FAA-955C-2F59253EC697}"
EndProject
Global
	GlobalSection(SolutionConfigurationPlatforms) = preSolution
		Debug|Any CPU = Debug|Any CPU
		Release|Any CPU = Release|Any CPU
	EndGlobalSection
	GlobalSection(ProjectConfigurationPlatforms) = postSolution
		{A8E0F87A-5B86-4FAA-955C-2F59253EC697}.Debug|Any CPU.ActiveCfg = Debug|Any CPU
		{A8E0F87A-5B86-4FAA-955C-2F59253EC697}.Debug|Any CPU.Build.0 = Debug|Any CPU
		{A8E0F87A-5B86-4FAA-955C-2F59253EC697}.Release|Any CPU.ActiveCfg = Release|Any CPU
		{A8E0F87A-5B86-4FAA-955C-2F59253EC697}.Release|Any CPU.Build.0 = Release|Any CPU
	EndGlobalSection
	GlobalSection(SolutionProperties) = preSolution
		HideSolutionNode = FALSE
	EndGlobalSection
	GlobalSection(ExtensibilityGlobals) = postSolution
		SolutionGuid = {37011C73-181E-43D1-8F32-B01C26575567}
	EndGlobalSection
EndGlobal
