
Microsoft Visual Studio Solution File, Format Version 12.00
# Visual Studio 15
VisualStudioVersion = 15.0.28307.329
MinimumVisualStudioVersion = 10.0.40219.1
Project("{FAE04EC0-301F-11D3-BF4B-00C04F79EFBC}") = "exercice2js1", "exercice2js1\exercice2js1.csproj", "{D8DB6D9D-FA0C-4F4D-81D3-93E496DCA7B6}"
EndProject
Global
	GlobalSection(SolutionConfigurationPlatforms) = preSolution
		Debug|Any CPU = Debug|Any CPU
		Release|Any CPU = Release|Any CPU
	EndGlobalSection
	GlobalSection(ProjectConfigurationPlatforms) = postSolution
		{D8DB6D9D-FA0C-4F4D-81D3-93E496DCA7B6}.Debug|Any CPU.ActiveCfg = Debug|Any CPU
		{D8DB6D9D-FA0C-4F4D-81D3-93E496DCA7B6}.Debug|Any CPU.Build.0 = Debug|Any CPU
		{D8DB6D9D-FA0C-4F4D-81D3-93E496DCA7B6}.Release|Any CPU.ActiveCfg = Release|Any CPU
		{D8DB6D9D-FA0C-4F4D-81D3-93E496DCA7B6}.Release|Any CPU.Build.0 = Release|Any CPU
	EndGlobalSection
	GlobalSection(SolutionProperties) = preSolution
		HideSolutionNode = FALSE
	EndGlobalSection
	GlobalSection(ExtensibilityGlobals) = postSolution
		SolutionGuid = {5A0E7C7F-A050-43A4-9960-B8ACC896F653}
	EndGlobalSection
EndGlobal
