
Microsoft Visual Studio Solution File, Format Version 12.00
# Visual Studio 15
VisualStudioVersion = 15.0.28307.329
MinimumVisualStudioVersion = 10.0.40219.1
Project("{FAE04EC0-301F-11D3-BF4B-00C04F79EFBC}") = "exercice4bootstrap", "exercice4bootstrap\exercice4bootstrap.csproj", "{99D62B7A-9EFE-4D35-A80F-DC87679BFAC9}"
EndProject
Global
	GlobalSection(SolutionConfigurationPlatforms) = preSolution
		Debug|Any CPU = Debug|Any CPU
		Release|Any CPU = Release|Any CPU
	EndGlobalSection
	GlobalSection(ProjectConfigurationPlatforms) = postSolution
		{99D62B7A-9EFE-4D35-A80F-DC87679BFAC9}.Debug|Any CPU.ActiveCfg = Debug|Any CPU
		{99D62B7A-9EFE-4D35-A80F-DC87679BFAC9}.Debug|Any CPU.Build.0 = Debug|Any CPU
		{99D62B7A-9EFE-4D35-A80F-DC87679BFAC9}.Release|Any CPU.ActiveCfg = Release|Any CPU
		{99D62B7A-9EFE-4D35-A80F-DC87679BFAC9}.Release|Any CPU.Build.0 = Release|Any CPU
	EndGlobalSection
	GlobalSection(SolutionProperties) = preSolution
		HideSolutionNode = FALSE
	EndGlobalSection
	GlobalSection(ExtensibilityGlobals) = postSolution
		SolutionGuid = {69880643-2A90-466B-A067-81FAFC76C6E9}
	EndGlobalSection
EndGlobal
