
Microsoft Visual Studio Solution File, Format Version 12.00
# Visual Studio 15
VisualStudioVersion = 15.0.28307.329
MinimumVisualStudioVersion = 10.0.40219.1
Project("{FAE04EC0-301F-11D3-BF4B-00C04F79EFBC}") = "exercice1", "exercice1\exercice1.csproj", "{7CDB8C6D-5A17-4FA1-978C-9BAC897D9AB9}"
EndProject
Global
	GlobalSection(SolutionConfigurationPlatforms) = preSolution
		Debug|Any CPU = Debug|Any CPU
		Release|Any CPU = Release|Any CPU
	EndGlobalSection
	GlobalSection(ProjectConfigurationPlatforms) = postSolution
		{7CDB8C6D-5A17-4FA1-978C-9BAC897D9AB9}.Debug|Any CPU.ActiveCfg = Debug|Any CPU
		{7CDB8C6D-5A17-4FA1-978C-9BAC897D9AB9}.Debug|Any CPU.Build.0 = Debug|Any CPU
		{7CDB8C6D-5A17-4FA1-978C-9BAC897D9AB9}.Release|Any CPU.ActiveCfg = Release|Any CPU
		{7CDB8C6D-5A17-4FA1-978C-9BAC897D9AB9}.Release|Any CPU.Build.0 = Release|Any CPU
	EndGlobalSection
	GlobalSection(SolutionProperties) = preSolution
		HideSolutionNode = FALSE
	EndGlobalSection
	GlobalSection(ExtensibilityGlobals) = postSolution
		SolutionGuid = {D2CC25A7-B1F5-4C04-9D75-CF37A4E51257}
	EndGlobalSection
EndGlobal
