
Microsoft Visual Studio Solution File, Format Version 12.00
# Visual Studio 15
VisualStudioVersion = 15.0.28307.329
MinimumVisualStudioVersion = 10.0.40219.1
Project("{FAE04EC0-301F-11D3-BF4B-00C04F79EFBC}") = "bonus2", "bonus2\bonus2.csproj", "{1D9C9B8E-68BA-4192-919E-830CC7101052}"
EndProject
Global
	GlobalSection(SolutionConfigurationPlatforms) = preSolution
		Debug|Any CPU = Debug|Any CPU
		Release|Any CPU = Release|Any CPU
	EndGlobalSection
	GlobalSection(ProjectConfigurationPlatforms) = postSolution
		{1D9C9B8E-68BA-4192-919E-830CC7101052}.Debug|Any CPU.ActiveCfg = Debug|Any CPU
		{1D9C9B8E-68BA-4192-919E-830CC7101052}.Debug|Any CPU.Build.0 = Debug|Any CPU
		{1D9C9B8E-68BA-4192-919E-830CC7101052}.Release|Any CPU.ActiveCfg = Release|Any CPU
		{1D9C9B8E-68BA-4192-919E-830CC7101052}.Release|Any CPU.Build.0 = Release|Any CPU
	EndGlobalSection
	GlobalSection(SolutionProperties) = preSolution
		HideSolutionNode = FALSE
	EndGlobalSection
	GlobalSection(ExtensibilityGlobals) = postSolution
		SolutionGuid = {A293D277-F444-4844-9334-C6EDE48EAB06}
	EndGlobalSection
EndGlobal
