
Microsoft Visual Studio Solution File, Format Version 12.00
# Visual Studio 15
VisualStudioVersion = 15.0.28307.329
MinimumVisualStudioVersion = 10.0.40219.1
Project("{FAE04EC0-301F-11D3-BF4B-00C04F79EFBC}") = "exercice5js2", "exercice5js2\exercice5js2.csproj", "{87A18FD5-8022-4736-A8AA-8C7C94202D0C}"
EndProject
Global
	GlobalSection(SolutionConfigurationPlatforms) = preSolution
		Debug|Any CPU = Debug|Any CPU
		Release|Any CPU = Release|Any CPU
	EndGlobalSection
	GlobalSection(ProjectConfigurationPlatforms) = postSolution
		{87A18FD5-8022-4736-A8AA-8C7C94202D0C}.Debug|Any CPU.ActiveCfg = Debug|Any CPU
		{87A18FD5-8022-4736-A8AA-8C7C94202D0C}.Debug|Any CPU.Build.0 = Debug|Any CPU
		{87A18FD5-8022-4736-A8AA-8C7C94202D0C}.Release|Any CPU.ActiveCfg = Release|Any CPU
		{87A18FD5-8022-4736-A8AA-8C7C94202D0C}.Release|Any CPU.Build.0 = Release|Any CPU
	EndGlobalSection
	GlobalSection(SolutionProperties) = preSolution
		HideSolutionNode = FALSE
	EndGlobalSection
	GlobalSection(ExtensibilityGlobals) = postSolution
		SolutionGuid = {45A8B120-0DCF-42D8-A044-2F335FBCD2E4}
	EndGlobalSection
EndGlobal
