
Microsoft Visual Studio Solution File, Format Version 12.00
# Visual Studio 15
VisualStudioVersion = 15.0.28307.329
MinimumVisualStudioVersion = 10.0.40219.1
Project("{FAE04EC0-301F-11D3-BF4B-00C04F79EFBC}") = "exercice1js2", "exercice1js2\exercice1js2.csproj", "{22B33A3B-3677-4240-9A7F-BAF9A03FD040}"
EndProject
Global
	GlobalSection(SolutionConfigurationPlatforms) = preSolution
		Debug|Any CPU = Debug|Any CPU
		Release|Any CPU = Release|Any CPU
	EndGlobalSection
	GlobalSection(ProjectConfigurationPlatforms) = postSolution
		{22B33A3B-3677-4240-9A7F-BAF9A03FD040}.Debug|Any CPU.ActiveCfg = Debug|Any CPU
		{22B33A3B-3677-4240-9A7F-BAF9A03FD040}.Debug|Any CPU.Build.0 = Debug|Any CPU
		{22B33A3B-3677-4240-9A7F-BAF9A03FD040}.Release|Any CPU.ActiveCfg = Release|Any CPU
		{22B33A3B-3677-4240-9A7F-BAF9A03FD040}.Release|Any CPU.Build.0 = Release|Any CPU
	EndGlobalSection
	GlobalSection(SolutionProperties) = preSolution
		HideSolutionNode = FALSE
	EndGlobalSection
	GlobalSection(ExtensibilityGlobals) = postSolution
		SolutionGuid = {534BDED0-D56B-40AB-AAD9-1ABF39FB297C}
	EndGlobalSection
EndGlobal
